
Microsoft Visual Studio Solution File, Format Version 12.00
# Visual Studio Version 16
VisualStudioVersion = 16.0.29102.190
MinimumVisualStudioVersion = 10.0.40219.1
Project("{2150E333-8FDC-42A3-9474-1A3956D46DE8}") = "1-Presentation", "1-Presentation", "{EB42D9D4-69AF-4217-9BDD-E44F11F1FF07}"
EndProject
Project("{2150E333-8FDC-42A3-9474-1A3956D46DE8}") = "2-Services", "2-Services", "{A0B08B09-CA1E-4144-8119-33CC616F8F87}"
EndProject
Project("{2150E333-8FDC-42A3-9474-1A3956D46DE8}") = "3-Application", "3-Application", "{902163F6-8F48-40A0-96AA-F601B0D535C1}"
EndProject
Project("{2150E333-8FDC-42A3-9474-1A3956D46DE8}") = "4-Domain", "4-Domain", "{847722A7-026E-4513-A9BF-D177D363D4CD}"
EndProject
Project("{2150E333-8FDC-42A3-9474-1A3956D46DE8}") = "5-Infra", "5-Infra", "{C5B2B791-CA5A-4E9F-8844-FA2B1685BA1A}"
EndProject
Project("{2150E333-8FDC-42A3-9474-1A3956D46DE8}") = "5.1-Data", "5.1-Data", "{AACA7657-220C-4991-993D-AC71691C3FE4}"
EndProject
Project("{2150E333-8FDC-42A3-9474-1A3956D46DE8}") = "5.2-CrossCutting", "5.2-CrossCutting", "{192294DC-C9E3-4718-93BF-E4F26C36BCDB}"
EndProject
Project("{FAE04EC0-301F-11D3-BF4B-00C04F79EFBC}") = "KitandaSoftERP.Infra.CrossCutting", "src\KitandaSoftERP.Infra.CrossCutting\KitandaSoftERP.Infra.CrossCutting.csproj", "{7924EAFD-9467-4EE9-9836-DB017B58A08C}"
EndProject
Project("{9A19103F-16F7-4668-BE54-9A1E7A4F7556}") = "KitandaSoftERP.Domain.Shared", "src\KitandaSoftERP.Domain.Shared\KitandaSoftERP.Domain.Shared.csproj", "{DF8AB637-79A0-4844-89DF-6C85DE395D45}"
EndProject
Project("{FAE04EC0-301F-11D3-BF4B-00C04F79EFBC}") = "KitandaSoftERP.Infra.Data", "src\KitandaSoft.Infra.Data\KitandaSoftERP.Infra.Data.csproj", "{FDDE901B-5E98-45D8-A61A-5A7C9347AEEA}"
EndProject
Project("{9A19103F-16F7-4668-BE54-9A1E7A4F7556}") = "KitandaSoftERP.Domain", "src\KitandaSoftERP.Domain\KitandaSoftERP.Domain.csproj", "{94F21511-28BA-43AF-B4AB-069CF2A7F371}"
EndProject
Project("{FAE04EC0-301F-11D3-BF4B-00C04F79EFBC}") = "KitandaSoftERP.Infra.DataCore", "src\KitandaSoftERP.Infra.DataCore\KitandaSoftERP.Infra.DataCore.csproj", "{807E677E-6488-4418-A276-787633903B03}"
EndProject
Global
	GlobalSection(SolutionConfigurationPlatforms) = preSolution
		Debug|Any CPU = Debug|Any CPU
		Release|Any CPU = Release|Any CPU
	EndGlobalSection
	GlobalSection(ProjectConfigurationPlatforms) = postSolution
		{7924EAFD-9467-4EE9-9836-DB017B58A08C}.Debug|Any CPU.ActiveCfg = Debug|Any CPU
		{7924EAFD-9467-4EE9-9836-DB017B58A08C}.Debug|Any CPU.Build.0 = Debug|Any CPU
		{7924EAFD-9467-4EE9-9836-DB017B58A08C}.Release|Any CPU.ActiveCfg = Release|Any CPU
		{7924EAFD-9467-4EE9-9836-DB017B58A08C}.Release|Any CPU.Build.0 = Release|Any CPU
		{DF8AB637-79A0-4844-89DF-6C85DE395D45}.Debug|Any CPU.ActiveCfg = Debug|Any CPU
		{DF8AB637-79A0-4844-89DF-6C85DE395D45}.Debug|Any CPU.Build.0 = Debug|Any CPU
		{DF8AB637-79A0-4844-89DF-6C85DE395D45}.Release|Any CPU.ActiveCfg = Release|Any CPU
		{DF8AB637-79A0-4844-89DF-6C85DE395D45}.Release|Any CPU.Build.0 = Release|Any CPU
		{FDDE901B-5E98-45D8-A61A-5A7C9347AEEA}.Debug|Any CPU.ActiveCfg = Debug|Any CPU
		{FDDE901B-5E98-45D8-A61A-5A7C9347AEEA}.Debug|Any CPU.Build.0 = Debug|Any CPU
		{FDDE901B-5E98-45D8-A61A-5A7C9347AEEA}.Release|Any CPU.ActiveCfg = Release|Any CPU
		{FDDE901B-5E98-45D8-A61A-5A7C9347AEEA}.Release|Any CPU.Build.0 = Release|Any CPU
		{94F21511-28BA-43AF-B4AB-069CF2A7F371}.Debug|Any CPU.ActiveCfg = Debug|Any CPU
		{94F21511-28BA-43AF-B4AB-069CF2A7F371}.Debug|Any CPU.Build.0 = Debug|Any CPU
		{94F21511-28BA-43AF-B4AB-069CF2A7F371}.Release|Any CPU.ActiveCfg = Release|Any CPU
		{94F21511-28BA-43AF-B4AB-069CF2A7F371}.Release|Any CPU.Build.0 = Release|Any CPU
		{807E677E-6488-4418-A276-787633903B03}.Debug|Any CPU.ActiveCfg = Debug|Any CPU
		{807E677E-6488-4418-A276-787633903B03}.Debug|Any CPU.Build.0 = Debug|Any CPU
		{807E677E-6488-4418-A276-787633903B03}.Release|Any CPU.ActiveCfg = Release|Any CPU
		{807E677E-6488-4418-A276-787633903B03}.Release|Any CPU.Build.0 = Release|Any CPU
	EndGlobalSection
	GlobalSection(SolutionProperties) = preSolution
		HideSolutionNode = FALSE
	EndGlobalSection
	GlobalSection(NestedProjects) = preSolution
		{AACA7657-220C-4991-993D-AC71691C3FE4} = {C5B2B791-CA5A-4E9F-8844-FA2B1685BA1A}
		{192294DC-C9E3-4718-93BF-E4F26C36BCDB} = {C5B2B791-CA5A-4E9F-8844-FA2B1685BA1A}
		{7924EAFD-9467-4EE9-9836-DB017B58A08C} = {192294DC-C9E3-4718-93BF-E4F26C36BCDB}
		{DF8AB637-79A0-4844-89DF-6C85DE395D45} = {847722A7-026E-4513-A9BF-D177D363D4CD}
		{FDDE901B-5E98-45D8-A61A-5A7C9347AEEA} = {AACA7657-220C-4991-993D-AC71691C3FE4}
		{94F21511-28BA-43AF-B4AB-069CF2A7F371} = {847722A7-026E-4513-A9BF-D177D363D4CD}
		{807E677E-6488-4418-A276-787633903B03} = {AACA7657-220C-4991-993D-AC71691C3FE4}
	EndGlobalSection
	GlobalSection(ExtensibilityGlobals) = postSolution
		SolutionGuid = {6DAEAF2B-947C-4D26-955B-7D75FB9D36E3}
	EndGlobalSection
EndGlobal
